// !$*UTF8*$!
{
	archiveVersion = 1;
	classes = {
	};
	objectVersion = 55;
	objects = {

/* Begin PBXBuildFile section */
		189B8444EF58C82B0308C6E1 /* Pods_RX_NY_Times_RX_NY_TimesUITests.framework in Frameworks */ = {isa = PBXBuildFile; fileRef = 66BF5047B652355C760ECB61 /* Pods_RX_NY_Times_RX_NY_TimesUITests.framework */; };
		B95C4695282F9E470AC4883C /* Pods_RX_NY_TimesTests.framework in Frameworks */ = {isa = PBXBuildFile; fileRef = ABDD92AFDD758BBED3B9AEE1 /* Pods_RX_NY_TimesTests.framework */; };
		DED0CDE9289AD23300943649 /* AppDelegate.swift in Sources */ = {isa = PBXBuildFile; fileRef = DED0CDE8289AD23300943649 /* AppDelegate.swift */; };
		DED0CDEB289AD23300943649 /* SceneDelegate.swift in Sources */ = {isa = PBXBuildFile; fileRef = DED0CDEA289AD23300943649 /* SceneDelegate.swift */; };
		DED0CDED289AD23300943649 /* ViewController.swift in Sources */ = {isa = PBXBuildFile; fileRef = DED0CDEC289AD23300943649 /* ViewController.swift */; };
		DED0CDF2289AD23600943649 /* Assets.xcassets in Resources */ = {isa = PBXBuildFile; fileRef = DED0CDF1289AD23600943649 /* Assets.xcassets */; };
		DED0CDF5289AD23600943649 /* LaunchScreen.storyboard in Resources */ = {isa = PBXBuildFile; fileRef = DED0CDF3289AD23600943649 /* LaunchScreen.storyboard */; };
		DED0CE00289AD23700943649 /* RX_NY_TimesTests.swift in Sources */ = {isa = PBXBuildFile; fileRef = DED0CDFF289AD23700943649 /* RX_NY_TimesTests.swift */; };
		DED0CE0A289AD23700943649 /* RX_NY_TimesUITests.swift in Sources */ = {isa = PBXBuildFile; fileRef = DED0CE09289AD23700943649 /* RX_NY_TimesUITests.swift */; };
		DED0CE0C289AD23700943649 /* RX_NY_TimesUITestsLaunchTests.swift in Sources */ = {isa = PBXBuildFile; fileRef = DED0CE0B289AD23700943649 /* RX_NY_TimesUITestsLaunchTests.swift */; };
		DED0CE1D289ADAA700943649 /* MainNavigator.swift in Sources */ = {isa = PBXBuildFile; fileRef = DED0CE1C289ADAA700943649 /* MainNavigator.swift */; };
		DED0CE1F289ADB2E00943649 /* DesignSystem.swift in Sources */ = {isa = PBXBuildFile; fileRef = DED0CE1E289ADB2E00943649 /* DesignSystem.swift */; };
		DED0CE22289ADC0B00943649 /* String.swift in Sources */ = {isa = PBXBuildFile; fileRef = DED0CE21289ADC0B00943649 /* String.swift */; };
		DED0CE25289AE25A00943649 /* View.swift in Sources */ = {isa = PBXBuildFile; fileRef = DED0CE24289AE25A00943649 /* View.swift */; };
		DED0CE27289AE46D00943649 /* ActivityIndicator.swift in Sources */ = {isa = PBXBuildFile; fileRef = DED0CE26289AE46D00943649 /* ActivityIndicator.swift */; };
		FF7986D478E64E661755F8E9 /* Pods_RX_NY_Times.framework in Frameworks */ = {isa = PBXBuildFile; fileRef = CC014F8954E43641A0B59CC4 /* Pods_RX_NY_Times.framework */; };
/* End PBXBuildFile section */

/* Begin PBXContainerItemProxy section */
		DED0CDFC289AD23700943649 /* PBXContainerItemProxy */ = {
			isa = PBXContainerItemProxy;
			containerPortal = DED0CDDD289AD23300943649 /* Project object */;
			proxyType = 1;
			remoteGlobalIDString = DED0CDE4289AD23300943649;
			remoteInfo = RX_NY_Times;
		};
		DED0CE06289AD23700943649 /* PBXContainerItemProxy */ = {
			isa = PBXContainerItemProxy;
			containerPortal = DED0CDDD289AD23300943649 /* Project object */;
			proxyType = 1;
			remoteGlobalIDString = DED0CDE4289AD23300943649;
			remoteInfo = RX_NY_Times;
		};
/* End PBXContainerItemProxy section */

/* Begin PBXFileReference section */
		66BF5047B652355C760ECB61 /* Pods_RX_NY_Times_RX_NY_TimesUITests.framework */ = {isa = PBXFileReference; explicitFileType = wrapper.framework; includeInIndex = 0; path = Pods_RX_NY_Times_RX_NY_TimesUITests.framework; sourceTree = BUILT_PRODUCTS_DIR; };
		7A5AEB7BEB412CCD39EB9B89 /* Pods-RX_NY_Times-RX_NY_TimesUITests.release.xcconfig */ = {isa = PBXFileReference; includeInIndex = 1; lastKnownFileType = text.xcconfig; name = "Pods-RX_NY_Times-RX_NY_TimesUITests.release.xcconfig"; path = "Target Support Files/Pods-RX_NY_Times-RX_NY_TimesUITests/Pods-RX_NY_Times-RX_NY_TimesUITests.release.xcconfig"; sourceTree = "<group>"; };
		9FFBCC7B062CD3BDD8A8CB56 /* Pods-RX_NY_Times.debug.xcconfig */ = {isa = PBXFileReference; includeInIndex = 1; lastKnownFileType = text.xcconfig; name = "Pods-RX_NY_Times.debug.xcconfig"; path = "Target Support Files/Pods-RX_NY_Times/Pods-RX_NY_Times.debug.xcconfig"; sourceTree = "<group>"; };
		A15E75111CAC5BDE690984E8 /* Pods-RX_NY_TimesTests.release.xcconfig */ = {isa = PBXFileReference; includeInIndex = 1; lastKnownFileType = text.xcconfig; name = "Pods-RX_NY_TimesTests.release.xcconfig"; path = "Target Support Files/Pods-RX_NY_TimesTests/Pods-RX_NY_TimesTests.release.xcconfig"; sourceTree = "<group>"; };
		AA0A355D61602BFC28C69146 /* Pods-RX_NY_Times.release.xcconfig */ = {isa = PBXFileReference; includeInIndex = 1; lastKnownFileType = text.xcconfig; name = "Pods-RX_NY_Times.release.xcconfig"; path = "Target Support Files/Pods-RX_NY_Times/Pods-RX_NY_Times.release.xcconfig"; sourceTree = "<group>"; };
		ABDD92AFDD758BBED3B9AEE1 /* Pods_RX_NY_TimesTests.framework */ = {isa = PBXFileReference; explicitFileType = wrapper.framework; includeInIndex = 0; path = Pods_RX_NY_TimesTests.framework; sourceTree = BUILT_PRODUCTS_DIR; };
		CC014F8954E43641A0B59CC4 /* Pods_RX_NY_Times.framework */ = {isa = PBXFileReference; explicitFileType = wrapper.framework; includeInIndex = 0; path = Pods_RX_NY_Times.framework; sourceTree = BUILT_PRODUCTS_DIR; };
		DED0CDE5289AD23300943649 /* RX_NY_Times.app */ = {isa = PBXFileReference; explicitFileType = wrapper.application; includeInIndex = 0; path = RX_NY_Times.app; sourceTree = BUILT_PRODUCTS_DIR; };
		DED0CDE8289AD23300943649 /* AppDelegate.swift */ = {isa = PBXFileReference; lastKnownFileType = sourcecode.swift; path = AppDelegate.swift; sourceTree = "<group>"; };
		DED0CDEA289AD23300943649 /* SceneDelegate.swift */ = {isa = PBXFileReference; lastKnownFileType = sourcecode.swift; path = SceneDelegate.swift; sourceTree = "<group>"; };
		DED0CDEC289AD23300943649 /* ViewController.swift */ = {isa = PBXFileReference; lastKnownFileType = sourcecode.swift; path = ViewController.swift; sourceTree = "<group>"; };
		DED0CDF1289AD23600943649 /* Assets.xcassets */ = {isa = PBXFileReference; lastKnownFileType = folder.assetcatalog; path = Assets.xcassets; sourceTree = "<group>"; };
		DED0CDF4289AD23600943649 /* Base */ = {isa = PBXFileReference; lastKnownFileType = file.storyboard; name = Base; path = Base.lproj/LaunchScreen.storyboard; sourceTree = "<group>"; };
		DED0CDF6289AD23600943649 /* Info.plist */ = {isa = PBXFileReference; lastKnownFileType = text.plist.xml; path = Info.plist; sourceTree = "<group>"; };
		DED0CDFB289AD23700943649 /* RX_NY_TimesTests.xctest */ = {isa = PBXFileReference; explicitFileType = wrapper.cfbundle; includeInIndex = 0; path = RX_NY_TimesTests.xctest; sourceTree = BUILT_PRODUCTS_DIR; };
		DED0CDFF289AD23700943649 /* RX_NY_TimesTests.swift */ = {isa = PBXFileReference; lastKnownFileType = sourcecode.swift; path = RX_NY_TimesTests.swift; sourceTree = "<group>"; };
		DED0CE05289AD23700943649 /* RX_NY_TimesUITests.xctest */ = {isa = PBXFileReference; explicitFileType = wrapper.cfbundle; includeInIndex = 0; path = RX_NY_TimesUITests.xctest; sourceTree = BUILT_PRODUCTS_DIR; };
		DED0CE09289AD23700943649 /* RX_NY_TimesUITests.swift */ = {isa = PBXFileReference; lastKnownFileType = sourcecode.swift; path = RX_NY_TimesUITests.swift; sourceTree = "<group>"; };
		DED0CE0B289AD23700943649 /* RX_NY_TimesUITestsLaunchTests.swift */ = {isa = PBXFileReference; lastKnownFileType = sourcecode.swift; path = RX_NY_TimesUITestsLaunchTests.swift; sourceTree = "<group>"; };
		DED0CE1C289ADAA700943649 /* MainNavigator.swift */ = {isa = PBXFileReference; fileEncoding = 4; lastKnownFileType = sourcecode.swift; path = MainNavigator.swift; sourceTree = "<group>"; };
		DED0CE1E289ADB2E00943649 /* DesignSystem.swift */ = {isa = PBXFileReference; lastKnownFileType = sourcecode.swift; path = DesignSystem.swift; sourceTree = "<group>"; };
		DED0CE21289ADC0B00943649 /* String.swift */ = {isa = PBXFileReference; lastKnownFileType = sourcecode.swift; path = String.swift; sourceTree = "<group>"; };
		DED0CE24289AE25A00943649 /* View.swift */ = {isa = PBXFileReference; lastKnownFileType = sourcecode.swift; path = View.swift; sourceTree = "<group>"; };
		DED0CE26289AE46D00943649 /* ActivityIndicator.swift */ = {isa = PBXFileReference; lastKnownFileType = sourcecode.swift; path = ActivityIndicator.swift; sourceTree = "<group>"; };
		F52C8F33AC3C7E9BBFBF09DB /* Pods-RX_NY_Times-RX_NY_TimesUITests.debug.xcconfig */ = {isa = PBXFileReference; includeInIndex = 1; lastKnownFileType = text.xcconfig; name = "Pods-RX_NY_Times-RX_NY_TimesUITests.debug.xcconfig"; path = "Target Support Files/Pods-RX_NY_Times-RX_NY_TimesUITests/Pods-RX_NY_Times-RX_NY_TimesUITests.debug.xcconfig"; sourceTree = "<group>"; };
		FDA5BF6F415FEA9781540381 /* Pods-RX_NY_TimesTests.debug.xcconfig */ = {isa = PBXFileReference; includeInIndex = 1; lastKnownFileType = text.xcconfig; name = "Pods-RX_NY_TimesTests.debug.xcconfig"; path = "Target Support Files/Pods-RX_NY_TimesTests/Pods-RX_NY_TimesTests.debug.xcconfig"; sourceTree = "<group>"; };
/* End PBXFileReference section */

/* Begin PBXFrameworksBuildPhase section */
		DED0CDE2289AD23300943649 /* Frameworks */ = {
			isa = PBXFrameworksBuildPhase;
			buildActionMask = 2147483647;
			files = (
				FF7986D478E64E661755F8E9 /* Pods_RX_NY_Times.framework in Frameworks */,
			);
			runOnlyForDeploymentPostprocessing = 0;
		};
		DED0CDF8289AD23700943649 /* Frameworks */ = {
			isa = PBXFrameworksBuildPhase;
			buildActionMask = 2147483647;
			files = (
				B95C4695282F9E470AC4883C /* Pods_RX_NY_TimesTests.framework in Frameworks */,
			);
			runOnlyForDeploymentPostprocessing = 0;
		};
		DED0CE02289AD23700943649 /* Frameworks */ = {
			isa = PBXFrameworksBuildPhase;
			buildActionMask = 2147483647;
			files = (
				189B8444EF58C82B0308C6E1 /* Pods_RX_NY_Times_RX_NY_TimesUITests.framework in Frameworks */,
			);
			runOnlyForDeploymentPostprocessing = 0;
		};
/* End PBXFrameworksBuildPhase section */

/* Begin PBXGroup section */
		09D25CBC467BDD3897535786 /* Frameworks */ = {
			isa = PBXGroup;
			children = (
				CC014F8954E43641A0B59CC4 /* Pods_RX_NY_Times.framework */,
				66BF5047B652355C760ECB61 /* Pods_RX_NY_Times_RX_NY_TimesUITests.framework */,
				ABDD92AFDD758BBED3B9AEE1 /* Pods_RX_NY_TimesTests.framework */,
			);
			name = Frameworks;
			sourceTree = "<group>";
		};
		6A5437B1A9B9844F9DCDEB6E /* Pods */ = {
			isa = PBXGroup;
			children = (
				9FFBCC7B062CD3BDD8A8CB56 /* Pods-RX_NY_Times.debug.xcconfig */,
				AA0A355D61602BFC28C69146 /* Pods-RX_NY_Times.release.xcconfig */,
				F52C8F33AC3C7E9BBFBF09DB /* Pods-RX_NY_Times-RX_NY_TimesUITests.debug.xcconfig */,
				7A5AEB7BEB412CCD39EB9B89 /* Pods-RX_NY_Times-RX_NY_TimesUITests.release.xcconfig */,
				FDA5BF6F415FEA9781540381 /* Pods-RX_NY_TimesTests.debug.xcconfig */,
				A15E75111CAC5BDE690984E8 /* Pods-RX_NY_TimesTests.release.xcconfig */,
			);
			path = Pods;
			sourceTree = "<group>";
		};
		DED0CDDC289AD23300943649 = {
			isa = PBXGroup;
			children = (
				DED0CDE7289AD23300943649 /* RX_NY_Times */,
				DED0CDFE289AD23700943649 /* RX_NY_TimesTests */,
				DED0CE08289AD23700943649 /* RX_NY_TimesUITests */,
				DED0CDE6289AD23300943649 /* Products */,
				6A5437B1A9B9844F9DCDEB6E /* Pods */,
				09D25CBC467BDD3897535786 /* Frameworks */,
			);
			sourceTree = "<group>";
		};
		DED0CDE6289AD23300943649 /* Products */ = {
			isa = PBXGroup;
			children = (
				DED0CDE5289AD23300943649 /* RX_NY_Times.app */,
				DED0CDFB289AD23700943649 /* RX_NY_TimesTests.xctest */,
				DED0CE05289AD23700943649 /* RX_NY_TimesUITests.xctest */,
			);
			name = Products;
			sourceTree = "<group>";
		};
		DED0CDE7289AD23300943649 /* RX_NY_Times */ = {
			isa = PBXGroup;
			children = (
				DED0CE23289AE14C00943649 /* Components */,
				DED0CE20289ADBFB00943649 /* Extensions */,
				DED0CE19289AD26500943649 /* App */,
				DED0CE18289AD25900943649 /* Resources */,
			);
			path = RX_NY_Times;
			sourceTree = "<group>";
		};
		DED0CDFE289AD23700943649 /* RX_NY_TimesTests */ = {
			isa = PBXGroup;
			children = (
				DED0CDFF289AD23700943649 /* RX_NY_TimesTests.swift */,
			);
			path = RX_NY_TimesTests;
			sourceTree = "<group>";
		};
		DED0CE08289AD23700943649 /* RX_NY_TimesUITests */ = {
			isa = PBXGroup;
			children = (
				DED0CE09289AD23700943649 /* RX_NY_TimesUITests.swift */,
				DED0CE0B289AD23700943649 /* RX_NY_TimesUITestsLaunchTests.swift */,
			);
			path = RX_NY_TimesUITests;
			sourceTree = "<group>";
		};
		DED0CE18289AD25900943649 /* Resources */ = {
			isa = PBXGroup;
			children = (
				DED0CDF3289AD23600943649 /* LaunchScreen.storyboard */,
				DED0CDE8289AD23300943649 /* AppDelegate.swift */,
				DED0CDEA289AD23300943649 /* SceneDelegate.swift */,
				DED0CE1E289ADB2E00943649 /* DesignSystem.swift */,
				DED0CDF1289AD23600943649 /* Assets.xcassets */,
				DED0CDF6289AD23600943649 /* Info.plist */,
			);
			path = Resources;
			sourceTree = "<group>";
		};
		DED0CE19289AD26500943649 /* App */ = {
			isa = PBXGroup;
			children = (
				DED0CE1C289ADAA700943649 /* MainNavigator.swift */,
			);
			path = App;
			sourceTree = "<group>";
		};
		DED0CE20289ADBFB00943649 /* Extensions */ = {
			isa = PBXGroup;
			children = (
				DED0CE21289ADC0B00943649 /* String.swift */,
				DED0CE24289AE25A00943649 /* View.swift */,
				DED0CE26289AE46D00943649 /* ActivityIndicator.swift */,
			);
			path = Extensions;
			sourceTree = "<group>";
		};
		DED0CE23289AE14C00943649 /* Components */ = {
			isa = PBXGroup;
			children = (
				DED0CDEC289AD23300943649 /* ViewController.swift */,
			);
			path = Components;
			sourceTree = "<group>";
		};
/* End PBXGroup section */

/* Begin PBXNativeTarget section */
		DED0CDE4289AD23300943649 /* RX_NY_Times */ = {
			isa = PBXNativeTarget;
			buildConfigurationList = DED0CE0F289AD23700943649 /* Build configuration list for PBXNativeTarget "RX_NY_Times" */;
			buildPhases = (
				741477A2C5B7370DA88517B3 /* [CP] Check Pods Manifest.lock */,
				DED0CDE1289AD23300943649 /* Sources */,
				DED0CDE2289AD23300943649 /* Frameworks */,
				DED0CDE3289AD23300943649 /* Resources */,
				43BD5F7CB523061A312C5481 /* [CP] Embed Pods Frameworks */,
			);
			buildRules = (
			);
			dependencies = (
			);
			name = RX_NY_Times;
			productName = RX_NY_Times;
			productReference = DED0CDE5289AD23300943649 /* RX_NY_Times.app */;
			productType = "com.apple.product-type.application";
		};
		DED0CDFA289AD23700943649 /* RX_NY_TimesTests */ = {
			isa = PBXNativeTarget;
			buildConfigurationList = DED0CE12289AD23700943649 /* Build configuration list for PBXNativeTarget "RX_NY_TimesTests" */;
			buildPhases = (
				503E6910FE52ACDEC783669D /* [CP] Check Pods Manifest.lock */,
				DED0CDF7289AD23700943649 /* Sources */,
				DED0CDF8289AD23700943649 /* Frameworks */,
				DED0CDF9289AD23700943649 /* Resources */,
			);
			buildRules = (
			);
			dependencies = (
				DED0CDFD289AD23700943649 /* PBXTargetDependency */,
			);
			name = RX_NY_TimesTests;
			productName = RX_NY_TimesTests;
			productReference = DED0CDFB289AD23700943649 /* RX_NY_TimesTests.xctest */;
			productType = "com.apple.product-type.bundle.unit-test";
		};
		DED0CE04289AD23700943649 /* RX_NY_TimesUITests */ = {
			isa = PBXNativeTarget;
			buildConfigurationList = DED0CE15289AD23700943649 /* Build configuration list for PBXNativeTarget "RX_NY_TimesUITests" */;
			buildPhases = (
				DC3A710485160D013E17AF7D /* [CP] Check Pods Manifest.lock */,
				DED0CE01289AD23700943649 /* Sources */,
				DED0CE02289AD23700943649 /* Frameworks */,
				DED0CE03289AD23700943649 /* Resources */,
				737C7176A87BA139B55A5171 /* [CP] Embed Pods Frameworks */,
			);
			buildRules = (
			);
			dependencies = (
				DED0CE07289AD23700943649 /* PBXTargetDependency */,
			);
			name = RX_NY_TimesUITests;
			productName = RX_NY_TimesUITests;
			productReference = DED0CE05289AD23700943649 /* RX_NY_TimesUITests.xctest */;
			productType = "com.apple.product-type.bundle.ui-testing";
		};
/* End PBXNativeTarget section */

/* Begin PBXProject section */
		DED0CDDD289AD23300943649 /* Project object */ = {
			isa = PBXProject;
			attributes = {
				BuildIndependentTargetsInParallel = 1;
				LastSwiftUpdateCheck = 1330;
				LastUpgradeCheck = 1330;
				TargetAttributes = {
					DED0CDE4289AD23300943649 = {
						CreatedOnToolsVersion = 13.3.1;
					};
					DED0CDFA289AD23700943649 = {
						CreatedOnToolsVersion = 13.3.1;
						TestTargetID = DED0CDE4289AD23300943649;
					};
					DED0CE04289AD23700943649 = {
						CreatedOnToolsVersion = 13.3.1;
						TestTargetID = DED0CDE4289AD23300943649;
					};
				};
			};
			buildConfigurationList = DED0CDE0289AD23300943649 /* Build configuration list for PBXProject "RX_NY_Times" */;
			compatibilityVersion = "Xcode 13.0";
			developmentRegion = en;
			hasScannedForEncodings = 0;
			knownRegions = (
				en,
				Base,
			);
			mainGroup = DED0CDDC289AD23300943649;
			productRefGroup = DED0CDE6289AD23300943649 /* Products */;
			projectDirPath = "";
			projectRoot = "";
			targets = (
				DED0CDE4289AD23300943649 /* RX_NY_Times */,
				DED0CDFA289AD23700943649 /* RX_NY_TimesTests */,
				DED0CE04289AD23700943649 /* RX_NY_TimesUITests */,
			);
		};
/* End PBXProject section */

/* Begin PBXResourcesBuildPhase section */
		DED0CDE3289AD23300943649 /* Resources */ = {
			isa = PBXResourcesBuildPhase;
			buildActionMask = 2147483647;
			files = (
				DED0CDF5289AD23600943649 /* LaunchScreen.storyboard in Resources */,
				DED0CDF2289AD23600943649 /* Assets.xcassets in Resources */,
			);
			runOnlyForDeploymentPostprocessing = 0;
		};
		DED0CDF9289AD23700943649 /* Resources */ = {
			isa = PBXResourcesBuildPhase;
			buildActionMask = 2147483647;
			files = (
			);
			runOnlyForDeploymentPostprocessing = 0;
		};
		DED0CE03289AD23700943649 /* Resources */ = {
			isa = PBXResourcesBuildPhase;
			buildActionMask = 2147483647;
			files = (
			);
			runOnlyForDeploymentPostprocessing = 0;
		};
/* End PBXResourcesBuildPhase section */

/* Begin PBXShellScriptBuildPhase section */
		43BD5F7CB523061A312C5481 /* [CP] Embed Pods Frameworks */ = {
			isa = PBXShellScriptBuildPhase;
			buildActionMask = 2147483647;
			files = (
			);
			inputFileListPaths = (
				"${PODS_ROOT}/Target Support Files/Pods-RX_NY_Times/Pods-RX_NY_Times-frameworks-${CONFIGURATION}-input-files.xcfilelist",
			);
			name = "[CP] Embed Pods Frameworks";
			outputFileListPaths = (
				"${PODS_ROOT}/Target Support Files/Pods-RX_NY_Times/Pods-RX_NY_Times-frameworks-${CONFIGURATION}-output-files.xcfilelist",
			);
			runOnlyForDeploymentPostprocessing = 0;
			shellPath = /bin/sh;
			shellScript = "\"${PODS_ROOT}/Target Support Files/Pods-RX_NY_Times/Pods-RX_NY_Times-frameworks.sh\"\n";
			showEnvVarsInLog = 0;
		};
		503E6910FE52ACDEC783669D /* [CP] Check Pods Manifest.lock */ = {
			isa = PBXShellScriptBuildPhase;
			buildActionMask = 2147483647;
			files = (
			);
			inputFileListPaths = (
			);
			inputPaths = (
				"${PODS_PODFILE_DIR_PATH}/Podfile.lock",
				"${PODS_ROOT}/Manifest.lock",
			);
			name = "[CP] Check Pods Manifest.lock";
			outputFileListPaths = (
			);
			outputPaths = (
				"$(DERIVED_FILE_DIR)/Pods-RX_NY_TimesTests-checkManifestLockResult.txt",
			);
			runOnlyForDeploymentPostprocessing = 0;
			shellPath = /bin/sh;
			shellScript = "diff \"${PODS_PODFILE_DIR_PATH}/Podfile.lock\" \"${PODS_ROOT}/Manifest.lock\" > /dev/null\nif [ $? != 0 ] ; then\n    # print error to STDERR\n    echo \"error: The sandbox is not in sync with the Podfile.lock. Run 'pod install' or update your CocoaPods installation.\" >&2\n    exit 1\nfi\n# This output is used by Xcode 'outputs' to avoid re-running this script phase.\necho \"SUCCESS\" > \"${SCRIPT_OUTPUT_FILE_0}\"\n";
			showEnvVarsInLog = 0;
		};
		737C7176A87BA139B55A5171 /* [CP] Embed Pods Frameworks */ = {
			isa = PBXShellScriptBuildPhase;
			buildActionMask = 2147483647;
			files = (
			);
			inputFileListPaths = (
				"${PODS_ROOT}/Target Support Files/Pods-RX_NY_Times-RX_NY_TimesUITests/Pods-RX_NY_Times-RX_NY_TimesUITests-frameworks-${CONFIGURATION}-input-files.xcfilelist",
			);
			name = "[CP] Embed Pods Frameworks";
			outputFileListPaths = (
				"${PODS_ROOT}/Target Support Files/Pods-RX_NY_Times-RX_NY_TimesUITests/Pods-RX_NY_Times-RX_NY_TimesUITests-frameworks-${CONFIGURATION}-output-files.xcfilelist",
			);
			runOnlyForDeploymentPostprocessing = 0;
			shellPath = /bin/sh;
			shellScript = "\"${PODS_ROOT}/Target Support Files/Pods-RX_NY_Times-RX_NY_TimesUITests/Pods-RX_NY_Times-RX_NY_TimesUITests-frameworks.sh\"\n";
			showEnvVarsInLog = 0;
		};
		741477A2C5B7370DA88517B3 /* [CP] Check Pods Manifest.lock */ = {
			isa = PBXShellScriptBuildPhase;
			buildActionMask = 2147483647;
			files = (
			);
			inputFileListPaths = (
			);
			inputPaths = (
				"${PODS_PODFILE_DIR_PATH}/Podfile.lock",
				"${PODS_ROOT}/Manifest.lock",
			);
			name = "[CP] Check Pods Manifest.lock";
			outputFileListPaths = (
			);
			outputPaths = (
				"$(DERIVED_FILE_DIR)/Pods-RX_NY_Times-checkManifestLockResult.txt",
			);
			runOnlyForDeploymentPostprocessing = 0;
			shellPath = /bin/sh;
			shellScript = "diff \"${PODS_PODFILE_DIR_PATH}/Podfile.lock\" \"${PODS_ROOT}/Manifest.lock\" > /dev/null\nif [ $? != 0 ] ; then\n    # print error to STDERR\n    echo \"error: The sandbox is not in sync with the Podfile.lock. Run 'pod install' or update your CocoaPods installation.\" >&2\n    exit 1\nfi\n# This output is used by Xcode 'outputs' to avoid re-running this script phase.\necho \"SUCCESS\" > \"${SCRIPT_OUTPUT_FILE_0}\"\n";
			showEnvVarsInLog = 0;
		};
		DC3A710485160D013E17AF7D /* [CP] Check Pods Manifest.lock */ = {
			isa = PBXShellScriptBuildPhase;
			buildActionMask = 2147483647;
			files = (
			);
			inputFileListPaths = (
			);
			inputPaths = (
				"${PODS_PODFILE_DIR_PATH}/Podfile.lock",
				"${PODS_ROOT}/Manifest.lock",
			);
			name = "[CP] Check Pods Manifest.lock";
			outputFileListPaths = (
			);
			outputPaths = (
				"$(DERIVED_FILE_DIR)/Pods-RX_NY_Times-RX_NY_TimesUITests-checkManifestLockResult.txt",
			);
			runOnlyForDeploymentPostprocessing = 0;
			shellPath = /bin/sh;
			shellScript = "diff \"${PODS_PODFILE_DIR_PATH}/Podfile.lock\" \"${PODS_ROOT}/Manifest.lock\" > /dev/null\nif [ $? != 0 ] ; then\n    # print error to STDERR\n    echo \"error: The sandbox is not in sync with the Podfile.lock. Run 'pod install' or update your CocoaPods installation.\" >&2\n    exit 1\nfi\n# This output is used by Xcode 'outputs' to avoid re-running this script phase.\necho \"SUCCESS\" > \"${SCRIPT_OUTPUT_FILE_0}\"\n";
			showEnvVarsInLog = 0;
		};
/* End PBXShellScriptBuildPhase section */

/* Begin PBXSourcesBuildPhase section */
		DED0CDE1289AD23300943649 /* Sources */ = {
			isa = PBXSourcesBuildPhase;
			buildActionMask = 2147483647;
			files = (
				DED0CE2F289AE70B00943649 /* NetworkLayer.swift in Sources */,
				DED0CE22289ADC0B00943649 /* String.swift in Sources */,
				DED0CDED289AD23300943649 /* ViewController.swift in Sources */,
				DED0CE1F289ADB2E00943649 /* DesignSystem.swift in Sources */,
				DED0CE2E289AE70B00943649 /* APIConfiguration.swift in Sources */,
				DED0CE2D289AE70B00943649 /* EndPoints.swift in Sources */,
				DED0CDE9289AD23300943649 /* AppDelegate.swift in Sources */,
				DED0CE27289AE46D00943649 /* ActivityIndicator.swift in Sources */,
				DED0CE1D289ADAA700943649 /* MainNavigator.swift in Sources */,
				DED0CE25289AE25A00943649 /* View.swift in Sources */,
				DED0CDEB289AD23300943649 /* SceneDelegate.swift in Sources */,
			);
			runOnlyForDeploymentPostprocessing = 0;
		};
		DED0CDF7289AD23700943649 /* Sources */ = {
			isa = PBXSourcesBuildPhase;
			buildActionMask = 2147483647;
			files = (
				DED0CE00289AD23700943649 /* RX_NY_TimesTests.swift in Sources */,
			);
			runOnlyForDeploymentPostprocessing = 0;
		};
		DED0CE01289AD23700943649 /* Sources */ = {
			isa = PBXSourcesBuildPhase;
			buildActionMask = 2147483647;
			files = (
				DED0CE0C289AD23700943649 /* RX_NY_TimesUITestsLaunchTests.swift in Sources */,
				DED0CE0A289AD23700943649 /* RX_NY_TimesUITests.swift in Sources */,
			);
			runOnlyForDeploymentPostprocessing = 0;
		};
/* End PBXSourcesBuildPhase section */

/* Begin PBXTargetDependency section */
		DED0CDFD289AD23700943649 /* PBXTargetDependency */ = {
			isa = PBXTargetDependency;
			target = DED0CDE4289AD23300943649 /* RX_NY_Times */;
			targetProxy = DED0CDFC289AD23700943649 /* PBXContainerItemProxy */;
		};
		DED0CE07289AD23700943649 /* PBXTargetDependency */ = {
			isa = PBXTargetDependency;
			target = DED0CDE4289AD23300943649 /* RX_NY_Times */;
			targetProxy = DED0CE06289AD23700943649 /* PBXContainerItemProxy */;
		};
/* End PBXTargetDependency section */

/* Begin PBXVariantGroup section */
		DED0CDF3289AD23600943649 /* LaunchScreen.storyboard */ = {
			isa = PBXVariantGroup;
			children = (
				DED0CDF4289AD23600943649 /* Base */,
			);
			name = LaunchScreen.storyboard;
			sourceTree = "<group>";
		};
/* End PBXVariantGroup section */

/* Begin XCBuildConfiguration section */
		DED0CE0D289AD23700943649 /* Debug */ = {
			isa = XCBuildConfiguration;
			buildSettings = {
				ALWAYS_SEARCH_USER_PATHS = NO;
				CLANG_ANALYZER_NONNULL = YES;
				CLANG_ANALYZER_NUMBER_OBJECT_CONVERSION = YES_AGGRESSIVE;
				CLANG_CXX_LANGUAGE_STANDARD = "gnu++17";
				CLANG_ENABLE_MODULES = YES;
				CLANG_ENABLE_OBJC_ARC = YES;
				CLANG_ENABLE_OBJC_WEAK = YES;
				CLANG_WARN_BLOCK_CAPTURE_AUTORELEASING = YES;
				CLANG_WARN_BOOL_CONVERSION = YES;
				CLANG_WARN_COMMA = YES;
				CLANG_WARN_CONSTANT_CONVERSION = YES;
				CLANG_WARN_DEPRECATED_OBJC_IMPLEMENTATIONS = YES;
				CLANG_WARN_DIRECT_OBJC_ISA_USAGE = YES_ERROR;
				CLANG_WARN_DOCUMENTATION_COMMENTS = YES;
				CLANG_WARN_EMPTY_BODY = YES;
				CLANG_WARN_ENUM_CONVERSION = YES;
				CLANG_WARN_INFINITE_RECURSION = YES;
				CLANG_WARN_INT_CONVERSION = YES;
				CLANG_WARN_NON_LITERAL_NULL_CONVERSION = YES;
				CLANG_WARN_OBJC_IMPLICIT_RETAIN_SELF = YES;
				CLANG_WARN_OBJC_LITERAL_CONVERSION = YES;
				CLANG_WARN_OBJC_ROOT_CLASS = YES_ERROR;
				CLANG_WARN_QUOTED_INCLUDE_IN_FRAMEWORK_HEADER = YES;
				CLANG_WARN_RANGE_LOOP_ANALYSIS = YES;
				CLANG_WARN_STRICT_PROTOTYPES = YES;
				CLANG_WARN_SUSPICIOUS_MOVE = YES;
				CLANG_WARN_UNGUARDED_AVAILABILITY = YES_AGGRESSIVE;
				CLANG_WARN_UNREACHABLE_CODE = YES;
				CLANG_WARN__DUPLICATE_METHOD_MATCH = YES;
				COPY_PHASE_STRIP = NO;
				DEBUG_INFORMATION_FORMAT = dwarf;
				ENABLE_STRICT_OBJC_MSGSEND = YES;
				ENABLE_TESTABILITY = YES;
				GCC_C_LANGUAGE_STANDARD = gnu11;
				GCC_DYNAMIC_NO_PIC = NO;
				GCC_NO_COMMON_BLOCKS = YES;
				GCC_OPTIMIZATION_LEVEL = 0;
				GCC_PREPROCESSOR_DEFINITIONS = (
					"DEBUG=1",
					"$(inherited)",
				);
				GCC_WARN_64_TO_32_BIT_CONVERSION = YES;
				GCC_WARN_ABOUT_RETURN_TYPE = YES_ERROR;
				GCC_WARN_UNDECLARED_SELECTOR = YES;
				GCC_WARN_UNINITIALIZED_AUTOS = YES_AGGRESSIVE;
				GCC_WARN_UNUSED_FUNCTION = YES;
				GCC_WARN_UNUSED_VARIABLE = YES;
				IPHONEOS_DEPLOYMENT_TARGET = 15.4;
				MTL_ENABLE_DEBUG_INFO = INCLUDE_SOURCE;
				MTL_FAST_MATH = YES;
				ONLY_ACTIVE_ARCH = YES;
				SDKROOT = iphoneos;
				SWIFT_ACTIVE_COMPILATION_CONDITIONS = DEBUG;
				SWIFT_OPTIMIZATION_LEVEL = "-Onone";
			};
			name = Debug;
		};
		DED0CE0E289AD23700943649 /* Release */ = {
			isa = XCBuildConfiguration;
			buildSettings = {
				ALWAYS_SEARCH_USER_PATHS = NO;
				CLANG_ANALYZER_NONNULL = YES;
				CLANG_ANALYZER_NUMBER_OBJECT_CONVERSION = YES_AGGRESSIVE;
				CLANG_CXX_LANGUAGE_STANDARD = "gnu++17";
				CLANG_ENABLE_MODULES = YES;
				CLANG_ENABLE_OBJC_ARC = YES;
				CLANG_ENABLE_OBJC_WEAK = YES;
				CLANG_WARN_BLOCK_CAPTURE_AUTORELEASING = YES;
				CLANG_WARN_BOOL_CONVERSION = YES;
				CLANG_WARN_COMMA = YES;
				CLANG_WARN_CONSTANT_CONVERSION = YES;
				CLANG_WARN_DEPRECATED_OBJC_IMPLEMENTATIONS = YES;
				CLANG_WARN_DIRECT_OBJC_ISA_USAGE = YES_ERROR;
				CLANG_WARN_DOCUMENTATION_COMMENTS = YES;
				CLANG_WARN_EMPTY_BODY = YES;
				CLANG_WARN_ENUM_CONVERSION = YES;
				CLANG_WARN_INFINITE_RECURSION = YES;
				CLANG_WARN_INT_CONVERSION = YES;
				CLANG_WARN_NON_LITERAL_NULL_CONVERSION = YES;
				CLANG_WARN_OBJC_IMPLICIT_RETAIN_SELF = YES;
				CLANG_WARN_OBJC_LITERAL_CONVERSION = YES;
				CLANG_WARN_OBJC_ROOT_CLASS = YES_ERROR;
				CLANG_WARN_QUOTED_INCLUDE_IN_FRAMEWORK_HEADER = YES;
				CLANG_WARN_RANGE_LOOP_ANALYSIS = YES;
				CLANG_WARN_STRICT_PROTOTYPES = YES;
				CLANG_WARN_SUSPICIOUS_MOVE = YES;
				CLANG_WARN_UNGUARDED_AVAILABILITY = YES_AGGRESSIVE;
				CLANG_WARN_UNREACHABLE_CODE = YES;
				CLANG_WARN__DUPLICATE_METHOD_MATCH = YES;
				COPY_PHASE_STRIP = NO;
				DEBUG_INFORMATION_FORMAT = "dwarf-with-dsym";
				ENABLE_NS_ASSERTIONS = NO;
				ENABLE_STRICT_OBJC_MSGSEND = YES;
				GCC_C_LANGUAGE_STANDARD = gnu11;
				GCC_NO_COMMON_BLOCKS = YES;
				GCC_WARN_64_TO_32_BIT_CONVERSION = YES;
				GCC_WARN_ABOUT_RETURN_TYPE = YES_ERROR;
				GCC_WARN_UNDECLARED_SELECTOR = YES;
				GCC_WARN_UNINITIALIZED_AUTOS = YES_AGGRESSIVE;
				GCC_WARN_UNUSED_FUNCTION = YES;
				GCC_WARN_UNUSED_VARIABLE = YES;
				IPHONEOS_DEPLOYMENT_TARGET = 15.4;
				MTL_ENABLE_DEBUG_INFO = NO;
				MTL_FAST_MATH = YES;
				SDKROOT = iphoneos;
				SWIFT_COMPILATION_MODE = wholemodule;
				SWIFT_OPTIMIZATION_LEVEL = "-O";
				VALIDATE_PRODUCT = YES;
			};
			name = Release;
		};
		DED0CE10289AD23700943649 /* Debug */ = {
			isa = XCBuildConfiguration;
			baseConfigurationReference = 9FFBCC7B062CD3BDD8A8CB56 /* Pods-RX_NY_Times.debug.xcconfig */;
			buildSettings = {
				ASSETCATALOG_COMPILER_APPICON_NAME = AppIcon;
				ASSETCATALOG_COMPILER_GLOBAL_ACCENT_COLOR_NAME = AccentColor;
				CODE_SIGN_STYLE = Automatic;
				CURRENT_PROJECT_VERSION = 1;
				GENERATE_INFOPLIST_FILE = YES;
				INFOPLIST_FILE = RX_NY_Times/Resources/Info.plist;
				INFOPLIST_KEY_UIApplicationSupportsIndirectInputEvents = YES;
				INFOPLIST_KEY_UILaunchStoryboardName = LaunchScreen;
				INFOPLIST_KEY_UIMainStoryboardFile = LaunchScreen;
				INFOPLIST_KEY_UISupportedInterfaceOrientations_iPad = "UIInterfaceOrientationPortrait UIInterfaceOrientationPortraitUpsideDown UIInterfaceOrientationLandscapeLeft UIInterfaceOrientationLandscapeRight";
				INFOPLIST_KEY_UISupportedInterfaceOrientations_iPhone = "UIInterfaceOrientationPortrait UIInterfaceOrientationLandscapeLeft UIInterfaceOrientationLandscapeRight";
				IPHONEOS_DEPLOYMENT_TARGET = 13.0;
				LD_RUNPATH_SEARCH_PATHS = (
					"$(inherited)",
					"@executable_path/Frameworks",
				);
				MARKETING_VERSION = 1.0;
				PRODUCT_BUNDLE_IDENTIFIER = "com.test.RX-NY-Times";
				PRODUCT_NAME = "$(TARGET_NAME)";
				SWIFT_EMIT_LOC_STRINGS = YES;
				SWIFT_VERSION = 5.0;
				TARGETED_DEVICE_FAMILY = "1,2";
			};
			name = Debug;
		};
		DED0CE11289AD23700943649 /* Release */ = {
			isa = XCBuildConfiguration;
			baseConfigurationReference = AA0A355D61602BFC28C69146 /* Pods-RX_NY_Times.release.xcconfig */;
			buildSettings = {
				ASSETCATALOG_COMPILER_APPICON_NAME = AppIcon;
				ASSETCATALOG_COMPILER_GLOBAL_ACCENT_COLOR_NAME = AccentColor;
				CODE_SIGN_STYLE = Automatic;
				CURRENT_PROJECT_VERSION = 1;
				GENERATE_INFOPLIST_FILE = YES;
				INFOPLIST_FILE = RX_NY_Times/Resources/Info.plist;
				INFOPLIST_KEY_UIApplicationSupportsIndirectInputEvents = YES;
				INFOPLIST_KEY_UILaunchStoryboardName = LaunchScreen;
				INFOPLIST_KEY_UIMainStoryboardFile = LaunchScreen;
				INFOPLIST_KEY_UISupportedInterfaceOrientations_iPad = "UIInterfaceOrientationPortrait UIInterfaceOrientationPortraitUpsideDown UIInterfaceOrientationLandscapeLeft UIInterfaceOrientationLandscapeRight";
				INFOPLIST_KEY_UISupportedInterfaceOrientations_iPhone = "UIInterfaceOrientationPortrait UIInterfaceOrientationLandscapeLeft UIInterfaceOrientationLandscapeRight";
				IPHONEOS_DEPLOYMENT_TARGET = 13.0;
				LD_RUNPATH_SEARCH_PATHS = (
					"$(inherited)",
					"@executable_path/Frameworks",
				);
				MARKETING_VERSION = 1.0;
				PRODUCT_BUNDLE_IDENTIFIER = "com.test.RX-NY-Times";
				PRODUCT_NAME = "$(TARGET_NAME)";
				SWIFT_EMIT_LOC_STRINGS = YES;
				SWIFT_VERSION = 5.0;
				TARGETED_DEVICE_FAMILY = "1,2";
			};
			name = Release;
		};
		DED0CE13289AD23700943649 /* Debug */ = {
			isa = XCBuildConfiguration;
			baseConfigurationReference = FDA5BF6F415FEA9781540381 /* Pods-RX_NY_TimesTests.debug.xcconfig */;
			buildSettings = {
				ALWAYS_EMBED_SWIFT_STANDARD_LIBRARIES = YES;
				BUNDLE_LOADER = "$(TEST_HOST)";
				CODE_SIGN_STYLE = Automatic;
				CURRENT_PROJECT_VERSION = 1;
				GENERATE_INFOPLIST_FILE = YES;
				IPHONEOS_DEPLOYMENT_TARGET = 15.4;
				MARKETING_VERSION = 1.0;
				PRODUCT_BUNDLE_IDENTIFIER = "com.test.RX-NY-TimesTests";
				PRODUCT_NAME = "$(TARGET_NAME)";
				SWIFT_EMIT_LOC_STRINGS = NO;
				SWIFT_VERSION = 5.0;
				TARGETED_DEVICE_FAMILY = "1,2";
				TEST_HOST = "$(BUILT_PRODUCTS_DIR)/RX_NY_Times.app/RX_NY_Times";
			};
			name = Debug;
		};
		DED0CE14289AD23700943649 /* Release */ = {
			isa = XCBuildConfiguration;
			baseConfigurationReference = A15E75111CAC5BDE690984E8 /* Pods-RX_NY_TimesTests.release.xcconfig */;
			buildSettings = {
				ALWAYS_EMBED_SWIFT_STANDARD_LIBRARIES = YES;
				BUNDLE_LOADER = "$(TEST_HOST)";
				CODE_SIGN_STYLE = Automatic;
				CURRENT_PROJECT_VERSION = 1;
				GENERATE_INFOPLIST_FILE = YES;
				IPHONEOS_DEPLOYMENT_TARGET = 15.4;
				MARKETING_VERSION = 1.0;
				PRODUCT_BUNDLE_IDENTIFIER = "com.test.RX-NY-TimesTests";
				PRODUCT_NAME = "$(TARGET_NAME)";
				SWIFT_EMIT_LOC_STRINGS = NO;
				SWIFT_VERSION = 5.0;
				TARGETED_DEVICE_FAMILY = "1,2";
				TEST_HOST = "$(BUILT_PRODUCTS_DIR)/RX_NY_Times.app/RX_NY_Times";
			};
			name = Release;
		};
		DED0CE16289AD23700943649 /* Debug */ = {
			isa = XCBuildConfiguration;
			baseConfigurationReference = F52C8F33AC3C7E9BBFBF09DB /* Pods-RX_NY_Times-RX_NY_TimesUITests.debug.xcconfig */;
			buildSettings = {
				ALWAYS_EMBED_SWIFT_STANDARD_LIBRARIES = YES;
				CODE_SIGN_STYLE = Automatic;
				CURRENT_PROJECT_VERSION = 1;
				GENERATE_INFOPLIST_FILE = YES;
				MARKETING_VERSION = 1.0;
				PRODUCT_BUNDLE_IDENTIFIER = "com.test.RX-NY-TimesUITests";
				PRODUCT_NAME = "$(TARGET_NAME)";
				SWIFT_EMIT_LOC_STRINGS = NO;
				SWIFT_VERSION = 5.0;
				TARGETED_DEVICE_FAMILY = "1,2";
				TEST_TARGET_NAME = RX_NY_Times;
			};
			name = Debug;
		};
		DED0CE17289AD23700943649 /* Release */ = {
			isa = XCBuildConfiguration;
			baseConfigurationReference = 7A5AEB7BEB412CCD39EB9B89 /* Pods-RX_NY_Times-RX_NY_TimesUITests.release.xcconfig */;
			buildSettings = {
				ALWAYS_EMBED_SWIFT_STANDARD_LIBRARIES = YES;
				CODE_SIGN_STYLE = Automatic;
				CURRENT_PROJECT_VERSION = 1;
				GENERATE_INFOPLIST_FILE = YES;
				MARKETING_VERSION = 1.0;
				PRODUCT_BUNDLE_IDENTIFIER = "com.test.RX-NY-TimesUITests";
				PRODUCT_NAME = "$(TARGET_NAME)";
				SWIFT_EMIT_LOC_STRINGS = NO;
				SWIFT_VERSION = 5.0;
				TARGETED_DEVICE_FAMILY = "1,2";
				TEST_TARGET_NAME = RX_NY_Times;
			};
			name = Release;
		};
/* End XCBuildConfiguration section */

/* Begin XCConfigurationList section */
		DED0CDE0289AD23300943649 /* Build configuration list for PBXProject "RX_NY_Times" */ = {
			isa = XCConfigurationList;
			buildConfigurations = (
				DED0CE0D289AD23700943649 /* Debug */,
				DED0CE0E289AD23700943649 /* Release */,
			);
			defaultConfigurationIsVisible = 0;
			defaultConfigurationName = Release;
		};
		DED0CE0F289AD23700943649 /* Build configuration list for PBXNativeTarget "RX_NY_Times" */ = {
			isa = XCConfigurationList;
			buildConfigurations = (
				DED0CE10289AD23700943649 /* Debug */,
				DED0CE11289AD23700943649 /* Release */,
			);
			defaultConfigurationIsVisible = 0;
			defaultConfigurationName = Release;
		};
		DED0CE12289AD23700943649 /* Build configuration list for PBXNativeTarget "RX_NY_TimesTests" */ = {
			isa = XCConfigurationList;
			buildConfigurations = (
				DED0CE13289AD23700943649 /* Debug */,
				DED0CE14289AD23700943649 /* Release */,
			);
			defaultConfigurationIsVisible = 0;
			defaultConfigurationName = Release;
		};
		DED0CE15289AD23700943649 /* Build configuration list for PBXNativeTarget "RX_NY_TimesUITests" */ = {
			isa = XCConfigurationList;
			buildConfigurations = (
				DED0CE16289AD23700943649 /* Debug */,
				DED0CE17289AD23700943649 /* Release */,
			);
			defaultConfigurationIsVisible = 0;
			defaultConfigurationName = Release;
		};
/* End XCConfigurationList section */
	};
	rootObject = DED0CDDD289AD23300943649 /* Project object */;
}
